Microsoft Visual Studio Solution File, Format Version 11.00
# Visual Studio 2008

Project("{0CA132D6-8749-341D-0323-D6A4E159172B}") = "JewelGameV2", "Assembly-CSharp-vs.csproj", "{E789F858-D6B0-9D18-D495-A9BF83254AAB}"
EndProject
Global
	GlobalSection(SolutionConfigurationPlatforms) = preSolution
		Debug|Any CPU = Debug|Any CPU
		Release|Any CPU = Release|Any CPU
	EndGlobalSection
	GlobalSection(ProjectConfigurationPlatforms) = postSolution
		{E789F858-D6B0-9D18-D495-A9BF83254AAB}.Debug|Any CPU.ActiveCfg = Debug|Any CPU
		{E789F858-D6B0-9D18-D495-A9BF83254AAB}.Debug|Any CPU.Build.0 = Debug|Any CPU
		{E789F858-D6B0-9D18-D495-A9BF83254AAB}.Release|Any CPU.ActiveCfg = Release|Any CPU
		{E789F858-D6B0-9D18-D495-A9BF83254AAB}.Release|Any CPU.Build.0 = Release|Any CPU
	EndGlobalSection
	GlobalSection(SolutionProperties) = preSolution
		HideSolutionNode = FALSE
	EndGlobalSection
									GlobalSection(MonoDevelopProperties) = preSolution
		StartupItem = Assembly-CSharp.csproj
		Policies = $0
		$0.TextStylePolicy = $1
		$1.inheritsSet = null
		$1.scope = text/x-csharp
		$0.CSharpFormattingPolicy = $2
		$2.inheritsSet = Mono
		$2.inheritsScope = text/x-csharp
		$2.scope = text/x-csharp
		$0.TextStylePolicy = $3
		$3.FileWidth = 120
		$3.TabWidth = 4
		$3.IndentWidth = 4
		$3.EolMarker = Unix
		$3.inheritsSet = Mono
		$3.inheritsScope = text/plain
		$3.scope = text/plain
	EndGlobalSection

EndGlobal
